<?xml version="1.0" encoding="utf-8"?>
<Project ToolsVersion="4.0" xmlns="http://schemas.microsoft.com/developer/msbuild/2003">
  <ItemGroup>
    <Filter Include="Source Files">
      <UniqueIdentifier>{4FC737F1-C7A5-4376-A066-2A32D752A2FF}</UniqueIdentifier>
      <Extensions>cpp;c;cc;cxx;def;odl;idl;hpj;bat;asm;asmx</Extensions>
    </Filter>
    <Filter Include="Header Files">
      <UniqueIdentifier>{93995380-89BD-4b04-88EB-625FBE52EBFB}</UniqueIdentifier>
      <Extensions>h;hh;hpp;hxx;hm;inl;inc;xsd</Extensions>
    </Filter>
    <Filter Include="Resource Files">
      <UniqueIdentifier>{67DA6AB6-F800-4c08-8B7A-83BB121AAD01}</UniqueIdentifier>
      <Extensions>rc;ico;cur;bmp;dlg;rc2;rct;bin;rgs;gif;jpg;jpeg;jpe;resx;tiff;tif;png;wav;mfcribbon-ms</Extensions>
    </Filter>
    <Filter Include="Shaders">
      <UniqueIdentifier>{0a60e15f-facf-40f6-ac41-eeade43c3ccc}</UniqueIdentifier>
    </Filter>
    <Filter Include="DLLs">
      <UniqueIdentifier>{48c9bae6-6e08-417b-8906-a48f8fe27d54}</UniqueIdentifier>
    </Filter>
    <Filter Include="FC_Console">
      <UniqueIdentifier>{05701163-349c-47bf-b616-2127f1b8760f}</UniqueIdentifier>
    </Filter>
    <Filter Include="FC_Console\Header Files">
      <UniqueIdentifier>{8dfcef1b-52be-4316-bc72-413c63924d9f}</UniqueIdentifier>
    </Filter>
    <Filter Include="FC_Console\Source Files">
      <UniqueIdentifier>{347baa87-02a4-49b1-9933-dc3ba002cab4}</UniqueIdentifier>
    </Filter>
    <Filter Include="Header Files\Game Engine">
      <UniqueIdentifier>{d31e684d-8da3-4530-b6a9-402a0dd20bf2}</UniqueIdentifier>
    </Filter>
    <Filter Include="Header Files\Components">
      <UniqueIdentifier>{745026fa-7fee-4e62-9e4c-d30206f3a0d6}</UniqueIdentifier>
    </Filter>
    <Filter Include="Header Files\Game Engine\Sub Systems">
      <UniqueIdentifier>{65a1168d-72c5-4986-b58f-a6cc25290ef9}</UniqueIdentifier>
    </Filter>
  </ItemGroup>
  <ItemGroup>
    <ClCompile Include="main.cpp">
      <Filter>Source Files</Filter>
    </ClCompile>
    <ClCompile Include="GameEngine.cpp">
      <Filter>Source Files</Filter>
    </ClCompile>
    <ClCompile Include="Display.cpp">
      <Filter>Source Files</Filter>
    </ClCompile>
    <ClCompile Include="Mesh.cpp">
      <Filter>Source Files</Filter>
    </ClCompile>
    <ClCompile Include="Shader.cpp">
      <Filter>Source Files</Filter>
    </ClCompile>
    <ClCompile Include="Texture.cpp">
      <Filter>Source Files</Filter>
    </ClCompile>
    <ClCompile Include="Camera.cpp">
      <Filter>Source Files</Filter>
    </ClCompile>
    <ClCompile Include="KeyboardInput.cpp">
      <Filter>Source Files</Filter>
    </ClCompile>
    <ClCompile Include="MouseInput.cpp">
      <Filter>Source Files</Filter>
    </ClCompile>
    <ClCompile Include="obj_loader.cpp">
      <Filter>Source Files</Filter>
    </ClCompile>
    <ClCompile Include="Console\Button.cpp">
      <Filter>FC_Console\Source Files</Filter>
    </ClCompile>
    <ClCompile Include="Image.cpp">
      <Filter>Source Files</Filter>
    </ClCompile>
    <ClCompile Include="Console\GameScene.cpp">
      <Filter>FC_Console\Source Files</Filter>
    </ClCompile>
    <ClCompile Include="CameraFlyController.cpp">
      <Filter>Source Files</Filter>
    </ClCompile>
    <ClCompile Include="Console\Resources.cpp">
      <Filter>FC_Console\Source Files</Filter>
    </ClCompile>
    <ClCompile Include="Console\ScreenBuffer.cpp">
      <Filter>FC_Console\Source Files</Filter>
    </ClCompile>
    <ClCompile Include="Console\Window.cpp">
      <Filter>FC_Console\Source Files</Filter>
    </ClCompile>
    <ClCompile Include="ConsoleDebugScene.cpp">
      <Filter>Source Files</Filter>
    </ClCompile>
    <ClCompile Include="Component.cpp">
      <Filter>Source Files</Filter>
    </ClCompile>
    <ClCompile Include="GameObject.cpp">
      <Filter>Source Files</Filter>
    </ClCompile>
    <ClCompile Include="Transform.cpp">
      <Filter>Source Files</Filter>
    </ClCompile>
    <ClCompile Include="GameObjectManager.cpp">
      <Filter>Source Files</Filter>
    </ClCompile>
    <ClCompile Include="Time.cpp">
      <Filter>Source Files</Filter>
    </ClCompile>
    <ClCompile Include="Input.cpp">
      <Filter>Source Files</Filter>
    </ClCompile>
    <ClCompile Include="ComponentTypes.h">
      <Filter>Header Files\Game Engine</Filter>
    </ClCompile>
    <ClCompile Include="Rotator.cpp">
      <Filter>Source Files</Filter>
    </ClCompile>
    <ClCompile Include="Renderer.cpp">
      <Filter>Source Files</Filter>
    </ClCompile>
    <ClCompile Include="Material.cpp">
      <Filter>Source Files</Filter>
    </ClCompile>
    <ClCompile Include="Audio.cpp">
      <Filter>Source Files</Filter>
    </ClCompile>
    <ClCompile Include="FMOD.cpp">
      <Filter>Source Files</Filter>
    </ClCompile>
    <ClCompile Include="Path Follow.cpp">
      <Filter>Source Files</Filter>
    </ClCompile>
    <ClCompile Include="Audio Listener.cpp">
      <Filter>Source Files</Filter>
    </ClCompile>
    <ClCompile Include="CollisionManager.cpp">
      <Filter>Source Files</Filter>
    </ClCompile>
    <ClCompile Include="ColliderBase.cpp">
      <Filter>Source Files</Filter>
    </ClCompile>
    <ClCompile Include="ColliderSphere.cpp">
      <Filter>Source Files</Filter>
    </ClCompile>
    <ClCompile Include="ColliderBox.cpp">
      <Filter>Source Files</Filter>
    </ClCompile>
    <ClCompile Include="Audio Event Emitter.cpp">
      <Filter>Source Files</Filter>
    </ClCompile>
    <ClCompile Include="CubeMap.cpp">
      <Filter>Source Files</Filter>
    </ClCompile>
    <ClCompile Include="PlayerController.cpp">
      <Filter>Source Files</Filter>
    </ClCompile>
    <ClCompile Include="FrameBuffer.cpp">
      <Filter>Source Files</Filter>
    </ClCompile>
  </ItemGroup>
  <ItemGroup>
    <ClInclude Include="Display.h">
      <Filter>Header Files</Filter>
    </ClInclude>
    <ClInclude Include="Shader.h">
      <Filter>Header Files</Filter>
    </ClInclude>
    <ClInclude Include="Image.h">
      <Filter>Header Files</Filter>
    </ClInclude>
    <ClInclude Include="stb\stb_image.h">
      <Filter>Header Files</Filter>
    </ClInclude>
    <ClInclude Include="Texture.h">
      <Filter>Header Files</Filter>
    </ClInclude>
    <ClInclude Include="obj_loader.h">
      <Filter>Header Files</Filter>
    </ClInclude>
    <ClInclude Include="Console\Button.h">
      <Filter>FC_Console\Header Files</Filter>
    </ClInclude>
    <ClInclude Include="Console\Window.h">
      <Filter>FC_Console\Header Files</Filter>
    </ClInclude>
    <ClInclude Include="Console\UiText.h">
      <Filter>FC_Console\Header Files</Filter>
    </ClInclude>
    <ClInclude Include="Console\ScreenBuffer.h">
      <Filter>FC_Console\Header Files</Filter>
    </ClInclude>
    <ClInclude Include="Console\Resources.h">
      <Filter>FC_Console\Header Files</Filter>
    </ClInclude>
    <ClInclude Include="Console\RenderCellData.h">
      <Filter>FC_Console\Header Files</Filter>
    </ClInclude>
    <ClInclude Include="Console\Point.h">
      <Filter>FC_Console\Header Files</Filter>
    </ClInclude>
    <ClInclude Include="Console\GameObject.h">
      <Filter>FC_Console\Header Files</Filter>
    </ClInclude>
    <ClInclude Include="Console\GameScene.h">
      <Filter>FC_Console\Header Files</Filter>
    </ClInclude>
    <ClInclude Include="Vertex.h">
      <Filter>Header Files</Filter>
    </ClInclude>
    <ClInclude Include="ConsoleDebugScene.h">
      <Filter>Header Files</Filter>
    </ClInclude>
    <ClInclude Include="Camera.h">
      <Filter>Header Files\Components</Filter>
    </ClInclude>
    <ClInclude Include="CameraFlyController.h">
      <Filter>Header Files\Components</Filter>
    </ClInclude>
    <ClInclude Include="Component.h">
      <Filter>Header Files\Game Engine</Filter>
    </ClInclude>
    <ClInclude Include="GameObject.h">
      <Filter>Header Files\Game Engine</Filter>
    </ClInclude>
    <ClInclude Include="GameEngine.h">
      <Filter>Header Files\Game Engine</Filter>
    </ClInclude>
    <ClInclude Include="Input.h">
      <Filter>Header Files\Game Engine\Sub Systems</Filter>
    </ClInclude>
    <ClInclude Include="MouseInput.h">
      <Filter>Header Files\Game Engine\Sub Systems</Filter>
    </ClInclude>
    <ClInclude Include="Transform.h">
      <Filter>Header Files\Components</Filter>
    </ClInclude>
    <ClInclude Include="Time.h">
      <Filter>Header Files\Game Engine\Sub Systems</Filter>
    </ClInclude>
    <ClInclude Include="KeyboardInput.h">
      <Filter>Header Files\Game Engine\Sub Systems</Filter>
    </ClInclude>
    <ClInclude Include="Rotator.h">
      <Filter>Header Files\Components</Filter>
    </ClInclude>
    <ClInclude Include="Mesh.h">
      <Filter>Header Files\Components</Filter>
    </ClInclude>
    <ClInclude Include="Renderer.h">
      <Filter>Header Files\Game Engine\Sub Systems</Filter>
    </ClInclude>
    <ClInclude Include="Material.h">
      <Filter>Header Files\Game Engine</Filter>
    </ClInclude>
    <ClInclude Include="GameObjectManager.h">
      <Filter>Header Files\Game Engine\Sub Systems</Filter>
    </ClInclude>
    <ClInclude Include="Audio.h">
      <Filter>Header Files\Game Engine\Sub Systems</Filter>
    </ClInclude>
    <ClInclude Include="FMOD.h">
      <Filter>Header Files\Game Engine</Filter>
    </ClInclude>
    <ClInclude Include="Audio Event Emitter.h">
      <Filter>Header Files\Components</Filter>
    </ClInclude>
    <ClInclude Include="Audio Listener.h">
      <Filter>Header Files\Components</Filter>
    </ClInclude>
    <ClInclude Include="Path Follow.h">
      <Filter>Header Files\Components</Filter>
    </ClInclude>
    <ClInclude Include="CollisionManager.h">
      <Filter>Header Files\Game Engine\Sub Systems</Filter>
    </ClInclude>
    <ClInclude Include="ColliderBase.h">
      <Filter>Header Files\Components</Filter>
    </ClInclude>
    <ClInclude Include="ColliderBox.h">
      <Filter>Header Files\Components</Filter>
    </ClInclude>
    <ClInclude Include="ColliderSphere.h">
      <Filter>Header Files\Components</Filter>
    </ClInclude>
    <ClInclude Include="CubeMap.h">
      <Filter>Header Files</Filter>
    </ClInclude>
    <ClInclude Include="PlayerController.h">
      <Filter>Header Files\Components</Filter>
    </ClInclude>
    <ClInclude Include="FrameBuffer.h">
      <Filter>Header Files\Game Engine\Sub Systems</Filter>
    </ClInclude>
  </ItemGroup>
  <ItemGroup>
    <CopyFileToFolders Include="..\res\shader.frag">
      <Filter>Shaders</Filter>
    </CopyFileToFolders>
    <CopyFileToFolders Include="..\res\shader.vert">
      <Filter>Shaders</Filter>
    </CopyFileToFolders>
    <CopyFileToFolders Include="..\res\glew32.dll">
      <Filter>DLLs</Filter>
    </CopyFileToFolders>
    <CopyFileToFolders Include="..\res\SDL2.dll">
      <Filter>DLLs</Filter>
    </CopyFileToFolders>
    <CopyFileToFolders Include="..\res\bricks.jpg">
      <Filter>Resource Files</Filter>
    </CopyFileToFolders>
    <CopyFileToFolders Include="..\res\monkey3.obj">
      <Filter>Resource Files</Filter>
    </CopyFileToFolders>
    <CopyFileToFolders Include="..\res\audio\Desktop\Master.bank">
      <Filter>Resource Files</Filter>
    </CopyFileToFolders>
    <CopyFileToFolders Include="..\res\audio\Desktop\Master.strings.bank">
      <Filter>Resource Files</Filter>
    </CopyFileToFolders>
    <CopyFileToFolders Include="..\deps\lib\FMODx86\fmodstudio.dll">
      <Filter>DLLs</Filter>
    </CopyFileToFolders>
    <CopyFileToFolders Include="..\deps\lib\FMODx86\fmod.dll">
      <Filter>DLLs</Filter>
    </CopyFileToFolders>
    <CopyFileToFolders Include="..\res\SM_Icon_Camera_01.obj">
      <Filter>Resource Files</Filter>
    </CopyFileToFolders>
    <CopyFileToFolders Include="..\res\SM_Icon_Light_Directional_02.obj">
      <Filter>Resource Files</Filter>
    </CopyFileToFolders>
    <CopyFileToFolders Include="..\res\PolygonPrototype_Texture_01.png">
      <Filter>Resource Files</Filter>
    </CopyFileToFolders>
    <CopyFileToFolders Include="..\res\ArrowNegZ.obj">
      <Filter>Resource Files</Filter>
    </CopyFileToFolders>
    <CopyFileToFolders Include="..\res\UnitCube.obj">
      <Filter>Resource Files</Filter>
    </CopyFileToFolders>
    <CopyFileToFolders Include="..\res\UnitCylinder.obj">
      <Filter>Resource Files</Filter>
    </CopyFileToFolders>
    <CopyFileToFolders Include="..\res\UnitSphere.obj">
      <Filter>Resource Files</Filter>
    </CopyFileToFolders>
    <CopyFileToFolders Include="..\res\cubeMap.frag">
      <Filter>Shaders</Filter>
    </CopyFileToFolders>
    <CopyFileToFolders Include="..\res\cubeMap.vert">
      <Filter>Shaders</Filter>
    </CopyFileToFolders>
    <CopyFileToFolders Include="..\res\skybox\back.jpg">
      <Filter>Resource Files</Filter>
    </CopyFileToFolders>
    <CopyFileToFolders Include="..\res\skybox\bottom.jpg">
      <Filter>Resource Files</Filter>
    </CopyFileToFolders>
    <CopyFileToFolders Include="..\res\skybox\front.jpg">
      <Filter>Resource Files</Filter>
    </CopyFileToFolders>
    <CopyFileToFolders Include="..\res\skybox\left.jpg">
      <Filter>Resource Files</Filter>
    </CopyFileToFolders>
    <CopyFileToFolders Include="..\res\skybox\right.jpg">
      <Filter>Resource Files</Filter>
    </CopyFileToFolders>
    <CopyFileToFolders Include="..\res\skybox\top.jpg">
      <Filter>Resource Files</Filter>
    </CopyFileToFolders>
    <CopyFileToFolders Include="..\res\PolygonCity_Texture_01_A.png">
      <Filter>Resource Files</Filter>
    </CopyFileToFolders>
    <CopyFileToFolders Include="..\res\PolygonCity_Texture_02_B.png">
      <Filter>Resource Files</Filter>
    </CopyFileToFolders>
    <CopyFileToFolders Include="..\res\PolygonCity_Texture_03_C.png">
      <Filter>Resource Files</Filter>
    </CopyFileToFolders>
    <CopyFileToFolders Include="..\res\PolygonCity_Texture_04_B.png">
      <Filter>Resource Files</Filter>
    </CopyFileToFolders>
    <CopyFileToFolders Include="..\res\SM_Prop_Cone_01.obj">
      <Filter>Resource Files</Filter>
    </CopyFileToFolders>
    <CopyFileToFolders Include="..\res\SM_Prop_Cone_02.obj">
      <Filter>Resource Files</Filter>
    </CopyFileToFolders>
    <CopyFileToFolders Include="..\res\SM_Prop_Hydrant_01.obj">
      <Filter>Resource Files</Filter>
    </CopyFileToFolders>
    <CopyFileToFolders Include="..\res\SM_Prop_PotPlant_01.obj">
      <Filter>Resource Files</Filter>
    </CopyFileToFolders>
    <CopyFileToFolders Include="..\res\Stone.obj">
      <Filter>Resource Files</Filter>
    </CopyFileToFolders>
    <CopyFileToFolders Include="..\res\stone_colour.png">
      <Filter>Resource Files</Filter>
    </CopyFileToFolders>
    <CopyFileToFolders Include="..\res\ads.frag">
      <Filter>Shaders</Filter>
    </CopyFileToFolders>
    <CopyFileToFolders Include="..\res\ads.vert">
      <Filter>Shaders</Filter>
    </CopyFileToFolders>
    <CopyFileToFolders Include="..\res\shaderGeoText.vert">
      <Filter>Shaders</Filter>
    </CopyFileToFolders>
    <CopyFileToFolders Include="..\res\shaderGeoText.geom">
      <Filter>Shaders</Filter>
    </CopyFileToFolders>
    <CopyFileToFolders Include="..\res\shaderGeoText.frag">
      <Filter>Shaders</Filter>
    </CopyFileToFolders>
    <CopyFileToFolders Include="..\res\shaderToon.vert">
      <Filter>Shaders</Filter>
    </CopyFileToFolders>
    <CopyFileToFolders Include="..\res\shaderRim.frag">
      <Filter>Shaders</Filter>
    </CopyFileToFolders>
    <CopyFileToFolders Include="..\res\shaderRim.vert">
      <Filter>Shaders</Filter>
    </CopyFileToFolders>
    <CopyFileToFolders Include="..\res\shaderToon.frag">
      <Filter>Shaders</Filter>
    </CopyFileToFolders>
    <CopyFileToFolders Include="..\res\fogShader.frag">
      <Filter>Shaders</Filter>
    </CopyFileToFolders>
    <CopyFileToFolders Include="..\res\fogShader.vert">
      <Filter>Shaders</Filter>
    </CopyFileToFolders>
  </ItemGroup>
  <ItemGroup>
    <Text Include="Notes.txt" />
  </ItemGroup>
</Project>